// !$*UTF8*$!
{
	archiveVersion = 1;
	classes = {};
	objectVersion = 56;
	objects = {
		100000000000000000000001 /* CalendarPulseApp.swift in Sources */ = {isa = PBXBuildFile; fileRef = 100000000000000000000000 /* CalendarPulseApp.swift */; };
		100000000000000000000003 /* MenuBarStatusView.swift in Sources */ = {isa = PBXBuildFile; fileRef = 100000000000000000000002 /* MenuBarStatusView.swift */; };
		100000000000000000000005 /* CalendarPopoverView.swift in Sources */ = {isa = PBXBuildFile; fileRef = 100000000000000000000004 /* CalendarPopoverView.swift */; };
		100000000000000000000007 /* CalendarViewModel.swift in Sources */ = {isa = PBXBuildFile; fileRef = 100000000000000000000006 /* CalendarViewModel.swift */; };
		100000000000000000000009 /* CalendarService.swift in Sources */ = {isa = PBXBuildFile; fileRef = 100000000000000000000008 /* CalendarService.swift */; };
		10000000000000000000000B /* CalendarEvent.swift in Sources */ = {isa = PBXBuildFile; fileRef = 10000000000000000000000A /* CalendarEvent.swift */; };
		10000000000000000000000D /* FreeBlock.swift in Sources */ = {isa = PBXBuildFile; fileRef = 10000000000000000000000C /* FreeBlock.swift */; };
		10000000000000000000000F /* SettingsView.swift in Sources */ = {isa = PBXBuildFile; fileRef = 10000000000000000000000E /* SettingsView.swift */; };
		100000000000000000000011 /* AppSettings.swift in Sources */ = {isa = PBXBuildFile; fileRef = 100000000000000000000010 /* AppSettings.swift */; };
		100000000000000000000013 /* LaunchAtLoginManager.swift in Sources */ = {isa = PBXBuildFile; fileRef = 100000000000000000000012 /* LaunchAtLoginManager.swift */; };
		100000000000000000000100 /* Calendar Pulse.app */ = {isa = PBXFileReference; explicitFileType = wrapper.application; includeInIndex = 0; path = "Calendar Pulse.app"; sourceTree = BUILT_PRODUCTS_DIR; };
		100000000000000000000101 /* Info.plist */ = {isa = PBXFileReference; lastKnownFileType = text.plist.xml; path = Info.plist; sourceTree = "<group>"; };
		100000000000000000000000 /* CalendarPulseApp.swift */ = {isa = PBXFileReference; lastKnownFileType = sourcecode.swift; path = CalendarPulseApp.swift; sourceTree = "<group>"; };
		100000000000000000000002 /* MenuBarStatusView.swift */ = {isa = PBXFileReference; lastKnownFileType = sourcecode.swift; path = MenuBarStatusView.swift; sourceTree = "<group>"; };
		100000000000000000000004 /* CalendarPopoverView.swift */ = {isa = PBXFileReference; lastKnownFileType = sourcecode.swift; path = CalendarPopoverView.swift; sourceTree = "<group>"; };
		100000000000000000000006 /* CalendarViewModel.swift */ = {isa = PBXFileReference; lastKnownFileType = sourcecode.swift; path = CalendarViewModel.swift; sourceTree = "<group>"; };
		100000000000000000000008 /* CalendarService.swift */ = {isa = PBXFileReference; lastKnownFileType = sourcecode.swift; path = CalendarService.swift; sourceTree = "<group>"; };
		10000000000000000000000A /* CalendarEvent.swift */ = {isa = PBXFileReference; lastKnownFileType = sourcecode.swift; path = CalendarEvent.swift; sourceTree = "<group>"; };
		10000000000000000000000C /* FreeBlock.swift */ = {isa = PBXFileReference; lastKnownFileType = sourcecode.swift; path = FreeBlock.swift; sourceTree = "<group>"; };
		10000000000000000000000E /* SettingsView.swift */ = {isa = PBXFileReference; lastKnownFileType = sourcecode.swift; path = SettingsView.swift; sourceTree = "<group>"; };
		100000000000000000000010 /* AppSettings.swift */ = {isa = PBXFileReference; lastKnownFileType = sourcecode.swift; path = AppSettings.swift; sourceTree = "<group>"; };
		100000000000000000000012 /* LaunchAtLoginManager.swift */ = {isa = PBXFileReference; lastKnownFileType = sourcecode.swift; path = LaunchAtLoginManager.swift; sourceTree = "<group>"; };
		100000000000000000000110 /* Frameworks */ = {isa = PBXFrameworksBuildPhase; buildActionMask = 2147483647; files = (); runOnlyForDeploymentPostprocessing = 0; };
		100000000000000000000120 /* CalendarPulse */ = {
			isa = PBXGroup;
			children = (
				100000000000000000000000 /* CalendarPulseApp.swift */,
				100000000000000000000002 /* MenuBarStatusView.swift */,
				100000000000000000000004 /* CalendarPopoverView.swift */,
				100000000000000000000006 /* CalendarViewModel.swift */,
				100000000000000000000008 /* CalendarService.swift */,
				10000000000000000000000A /* CalendarEvent.swift */,
				10000000000000000000000C /* FreeBlock.swift */,
				10000000000000000000000E /* SettingsView.swift */,
				100000000000000000000010 /* AppSettings.swift */,
				100000000000000000000012 /* LaunchAtLoginManager.swift */,
				100000000000000000000101 /* Info.plist */,
			);
			path = CalendarPulse;
			sourceTree = "<group>";
		};
		100000000000000000000121 /* Products */ = {
			isa = PBXGroup;
			children = (
				100000000000000000000100 /* Calendar Pulse.app */,
			);
			name = Products;
			sourceTree = "<group>";
		};
		100000000000000000000122 = {
			isa = PBXGroup;
			children = (
				100000000000000000000120 /* CalendarPulse */,
				100000000000000000000121 /* Products */,
			);
			sourceTree = "<group>";
		};
		100000000000000000000130 /* Calendar Pulse */ = {
			isa = PBXNativeTarget;
			buildConfigurationList = 100000000000000000000160 /* Build configuration list for PBXNativeTarget "Calendar Pulse" */;
			buildPhases = (
				100000000000000000000150 /* Sources */,
				100000000000000000000110 /* Frameworks */,
			);
			buildRules = ();
			dependencies = ();
			name = "Calendar Pulse";
			productName = "Calendar Pulse";
			productReference = 100000000000000000000100 /* Calendar Pulse.app */;
			productType = "com.apple.product-type.application";
		};
		100000000000000000000140 /* Project object */ = {
			isa = PBXProject;
			attributes = {
				BuildIndependentTargetsInParallel = 1;
				LastSwiftUpdateCheck = 1600;
				LastUpgradeCheck = 1600;
				TargetAttributes = {
					100000000000000000000130 = {
						CreatedOnToolsVersion = 16.0;
					};
				};
			};
			buildConfigurationList = 100000000000000000000170 /* Build configuration list for PBXProject "Calendar Pulse" */;
			compatibilityVersion = "Xcode 14.0";
			developmentRegion = en;
			hasScannedForEncodings = 0;
			knownRegions = (en, Base);
			mainGroup = 100000000000000000000122;
			productRefGroup = 100000000000000000000121 /* Products */;
			projectDirPath = "";
			projectRoot = "";
			targets = (100000000000000000000130 /* Calendar Pulse */);
		};
		100000000000000000000150 /* Sources */ = {
			isa = PBXSourcesBuildPhase;
			buildActionMask = 2147483647;
			files = (
				100000000000000000000001 /* CalendarPulseApp.swift in Sources */,
				100000000000000000000003 /* MenuBarStatusView.swift in Sources */,
				100000000000000000000005 /* CalendarPopoverView.swift in Sources */,
				100000000000000000000007 /* CalendarViewModel.swift in Sources */,
				100000000000000000000009 /* CalendarService.swift in Sources */,
				10000000000000000000000B /* CalendarEvent.swift in Sources */,
				10000000000000000000000D /* FreeBlock.swift in Sources */,
				10000000000000000000000F /* SettingsView.swift in Sources */,
				100000000000000000000011 /* AppSettings.swift in Sources */,
				100000000000000000000013 /* LaunchAtLoginManager.swift in Sources */,
			);
			runOnlyForDeploymentPostprocessing = 0;
		};
		100000000000000000000161 /* Debug */ = {
			isa = XCBuildConfiguration;
			buildSettings = {
				ALWAYS_SEARCH_USER_PATHS = NO;
				CODE_SIGN_STYLE = Automatic;
				COMBINE_HIDPI_IMAGES = YES;
				CURRENT_PROJECT_VERSION = 1;
				DEVELOPMENT_ASSET_PATHS = "";
				ENABLE_HARDENED_RUNTIME = YES;
				GENERATE_INFOPLIST_FILE = NO;
				INFOPLIST_FILE = CalendarPulse/Info.plist;
				LD_RUNPATH_SEARCH_PATHS = "$(inherited) @executable_path/../Frameworks";
				MARKETING_VERSION = 1.0;
				PRODUCT_BUNDLE_IDENTIFIER = com.example.CalendarPulse;
				PRODUCT_NAME = "Calendar Pulse";
				SWIFT_VERSION = 5.0;
				SWIFT_EMIT_LOC_STRINGS = YES;
				SWIFT_OPTIMIZATION_LEVEL = -Onone;
			};
			name = Debug;
		};
		100000000000000000000162 /* Release */ = {
			isa = XCBuildConfiguration;
			buildSettings = {
				ALWAYS_SEARCH_USER_PATHS = NO;
				CODE_SIGN_STYLE = Automatic;
				COMBINE_HIDPI_IMAGES = YES;
				CURRENT_PROJECT_VERSION = 1;
				DEVELOPMENT_ASSET_PATHS = "";
				ENABLE_HARDENED_RUNTIME = YES;
				GENERATE_INFOPLIST_FILE = NO;
				INFOPLIST_FILE = CalendarPulse/Info.plist;
				LD_RUNPATH_SEARCH_PATHS = "$(inherited) @executable_path/../Frameworks";
				MARKETING_VERSION = 1.0;
				PRODUCT_BUNDLE_IDENTIFIER = com.example.CalendarPulse;
				PRODUCT_NAME = "Calendar Pulse";
				SWIFT_VERSION = 5.0;
				SWIFT_EMIT_LOC_STRINGS = YES;
				SWIFT_OPTIMIZATION_LEVEL = -O;
			};
			name = Release;
		};
		100000000000000000000171 /* Debug */ = {
			isa = XCBuildConfiguration;
			buildSettings = {
				ALWAYS_SEARCH_USER_PATHS = NO;
				CLANG_ANALYZER_NONNULL = YES;
				CLANG_ANALYZER_NUMBER_OBJECT_CONVERSION = YES_AGGRESSIVE;
				CLANG_CXX_LANGUAGE_STANDARD = "gnu++20";
				CLANG_ENABLE_MODULES = YES;
				CLANG_ENABLE_OBJC_ARC = YES;
				CLANG_ENABLE_OBJC_WEAK = YES;
				CLANG_WARN_BLOCK_CAPTURE_AUTORELEASING = YES;
				CLANG_WARN_BOOL_CONVERSION = YES;
				CLANG_WARN_COMMA = YES;
				CLANG_WARN_CONSTANT_CONVERSION = YES;
				CLANG_WARN_DEPRECATED_OBJC_IMPLEMENTATIONS = YES;
				CLANG_WARN_DIRECT_OBJC_ISA_USAGE = YES_ERROR;
				CLANG_WARN_DOCUMENTATION_COMMENTS = YES;
				CLANG_WARN_EMPTY_BODY = YES;
				CLANG_WARN_ENUM_CONVERSION = YES;
				CLANG_WARN_INFINITE_RECURSION = YES;
				CLANG_WARN_INT_CONVERSION = YES;
				CLANG_WARN_NON_LITERAL_NULL_CONVERSION = YES;
				CLANG_WARN_OBJC_IMPLICIT_RETAIN_SELF = YES;
				CLANG_WARN_OBJC_LITERAL_CONVERSION = YES;
				CLANG_WARN_OBJC_ROOT_CLASS = YES_ERROR;
				CLANG_WARN_QUOTED_INCLUDE_IN_FRAMEWORK_HEADER = YES;
				CLANG_WARN_RANGE_LOOP_ANALYSIS = YES;
				CLANG_WARN_STRICT_PROTOTYPES = YES;
				CLANG_WARN_SUSPICIOUS_MOVE = YES;
				CLANG_WARN_UNGUARDED_AVAILABILITY = YES_AGGRESSIVE;
				CLANG_WARN_UNREACHABLE_CODE = YES;
				CLANG_WARN__DUPLICATE_METHOD_MATCH = YES;
				COPY_PHASE_STRIP = NO;
				ENABLE_STRICT_OBJC_MSGSEND = YES;
				ENABLE_TESTABILITY = YES;
				GCC_C_LANGUAGE_STANDARD = gnu17;
				GCC_NO_COMMON_BLOCKS = YES;
				GCC_WARN_64_TO_32_BIT_CONVERSION = YES;
				GCC_WARN_ABOUT_RETURN_TYPE = YES_ERROR;
				GCC_WARN_UNDECLARED_SELECTOR = YES;
				GCC_WARN_UNINITIALIZED_AUTOS = YES_AGGRESSIVE;
				GCC_WARN_UNUSED_FUNCTION = YES;
				GCC_WARN_UNUSED_VARIABLE = YES;
				MACOSX_DEPLOYMENT_TARGET = 14.0;
				SDKROOT = macosx;
				SUPPORTED_PLATFORMS = macosx;
				SWIFT_OPTIMIZATION_LEVEL = -Onone;
			};
			name = Debug;
		};
		100000000000000000000172 /* Release */ = {
			isa = XCBuildConfiguration;
			buildSettings = {
				ALWAYS_SEARCH_USER_PATHS = NO;
				CLANG_ANALYZER_NONNULL = YES;
				CLANG_ANALYZER_NUMBER_OBJECT_CONVERSION = YES_AGGRESSIVE;
				CLANG_CXX_LANGUAGE_STANDARD = "gnu++20";
				CLANG_ENABLE_MODULES = YES;
				CLANG_ENABLE_OBJC_ARC = YES;
				CLANG_ENABLE_OBJC_WEAK = YES;
				CLANG_WARN_BLOCK_CAPTURE_AUTORELEASING = YES;
				CLANG_WARN_BOOL_CONVERSION = YES;
				CLANG_WARN_COMMA = YES;
				CLANG_WARN_CONSTANT_CONVERSION = YES;
				CLANG_WARN_DEPRECATED_OBJC_IMPLEMENTATIONS = YES;
				CLANG_WARN_DIRECT_OBJC_ISA_USAGE = YES_ERROR;
				CLANG_WARN_DOCUMENTATION_COMMENTS = YES;
				CLANG_WARN_EMPTY_BODY = YES;
				CLANG_WARN_ENUM_CONVERSION = YES;
				CLANG_WARN_INFINITE_RECURSION = YES;
				CLANG_WARN_INT_CONVERSION = YES;
				CLANG_WARN_NON_LITERAL_NULL_CONVERSION = YES;
				CLANG_WARN_OBJC_IMPLICIT_RETAIN_SELF = YES;
				CLANG_WARN_OBJC_LITERAL_CONVERSION = YES;
				CLANG_WARN_OBJC_ROOT_CLASS = YES_ERROR;
				CLANG_WARN_QUOTED_INCLUDE_IN_FRAMEWORK_HEADER = YES;
				CLANG_WARN_RANGE_LOOP_ANALYSIS = YES;
				CLANG_WARN_STRICT_PROTOTYPES = YES;
				CLANG_WARN_SUSPICIOUS_MOVE = YES;
				CLANG_WARN_UNGUARDED_AVAILABILITY = YES_AGGRESSIVE;
				CLANG_WARN_UNREACHABLE_CODE = YES;
				CLANG_WARN__DUPLICATE_METHOD_MATCH = YES;
				COPY_PHASE_STRIP = NO;
				ENABLE_STRICT_OBJC_MSGSEND = YES;
				ENABLE_TESTABILITY = YES;
				GCC_C_LANGUAGE_STANDARD = gnu17;
				GCC_NO_COMMON_BLOCKS = YES;
				GCC_WARN_64_TO_32_BIT_CONVERSION = YES;
				GCC_WARN_ABOUT_RETURN_TYPE = YES_ERROR;
				GCC_WARN_UNDECLARED_SELECTOR = YES;
				GCC_WARN_UNINITIALIZED_AUTOS = YES_AGGRESSIVE;
				GCC_WARN_UNUSED_FUNCTION = YES;
				GCC_WARN_UNUSED_VARIABLE = YES;
				MACOSX_DEPLOYMENT_TARGET = 14.0;
				SDKROOT = macosx;
				SUPPORTED_PLATFORMS = macosx;
				SWIFT_OPTIMIZATION_LEVEL = -O;
			};
			name = Release;
		};
		100000000000000000000160 /* Build configuration list for PBXNativeTarget "Calendar Pulse" */ = {
			isa = XCConfigurationList;
			buildConfigurations = (100000000000000000000161 /* Debug */, 100000000000000000000162 /* Release */);
			defaultConfigurationIsVisible = 0;
			defaultConfigurationName = Release;
		};
		100000000000000000000170 /* Build configuration list for PBXProject "Calendar Pulse" */ = {
			isa = XCConfigurationList;
			buildConfigurations = (100000000000000000000171 /* Debug */, 100000000000000000000172 /* Release */);
			defaultConfigurationIsVisible = 0;
			defaultConfigurationName = Release;
		};
	};
	rootObject = 100000000000000000000140 /* Project object */;
}